
Microsoft Visual Studio Solution File, Format Version 12.00
# Visual Studio 15
VisualStudioVersion = 15.0.28307.168
MinimumVisualStudioVersion = 10.0.40219.1
Project("{9A19103F-16F7-4668-BE54-9A1E7A4F7556}") = "BruteEnemies", "BruteEnemies.csproj", "{9809661C-E0B1-4438-B554-2C0196F623BE}"
EndProject
Global
	GlobalSection(SolutionConfigurationPlatforms) = preSolution
		Debug|Any CPU = Debug|Any CPU
		Release|Any CPU = Release|Any CPU
	EndGlobalSection
	GlobalSection(ProjectConfigurationPlatforms) = postSolution
		{9809661C-E0B1-4438-B554-2C0196F623BE}.Debug|Any CPU.ActiveCfg = Debug|Any CPU
		{9809661C-E0B1-4438-B554-2C0196F623BE}.Debug|Any CPU.Build.0 = Debug|Any CPU
		{9809661C-E0B1-4438-B554-2C0196F623BE}.Release|Any CPU.ActiveCfg = Release|Any CPU
		{9809661C-E0B1-4438-B554-2C0196F623BE}.Release|Any CPU.Build.0 = Release|Any CPU
	EndGlobalSection
	GlobalSection(SolutionProperties) = preSolution
		HideSolutionNode = FALSE
	EndGlobalSection
	GlobalSection(ExtensibilityGlobals) = postSolution
		SolutionGuid = {A213BD1F-79D3-4BF3-BF40-020421118295}
	EndGlobalSection
EndGlobal
